
Microsoft Visual Studio Solution File, Format Version 12.00
# Visual Studio Version 16
VisualStudioVersion = 16.0.30523.141
MinimumVisualStudioVersion = 10.0.40219.1
Project("{FAE04EC0-301F-11D3-BF4B-00C04F79EFBC}") = "TimisLidia_Lab2", "TimisLidia_Lab2.csproj", "{EA49D851-F25F-4BA4-8C7F-42C0622F4AB4}"
EndProject
Global
	GlobalSection(SolutionConfigurationPlatforms) = preSolution
		Debug|Any CPU = Debug|Any CPU
		Release|Any CPU = Release|Any CPU
	EndGlobalSection
	GlobalSection(ProjectConfigurationPlatforms) = postSolution
		{EA49D851-F25F-4BA4-8C7F-42C0622F4AB4}.Debug|Any CPU.ActiveCfg = Debug|Any CPU
		{EA49D851-F25F-4BA4-8C7F-42C0622F4AB4}.Debug|Any CPU.Build.0 = Debug|Any CPU
		{EA49D851-F25F-4BA4-8C7F-42C0622F4AB4}.Release|Any CPU.ActiveCfg = Release|Any CPU
		{EA49D851-F25F-4BA4-8C7F-42C0622F4AB4}.Release|Any CPU.Build.0 = Release|Any CPU
	EndGlobalSection
	GlobalSection(SolutionProperties) = preSolution
		HideSolutionNode = FALSE
	EndGlobalSection
	GlobalSection(ExtensibilityGlobals) = postSolution
		SolutionGuid = {B621B23A-F97D-4C8A-B9B3-F84F7838E4B7}
	EndGlobalSection
EndGlobal
